
Microsoft Visual Studio Solution File, Format Version 12.00
# Visual Studio 15
VisualStudioVersion = 15.0.28307.102
MinimumVisualStudioVersion = 10.0.40219.1
Project("{8BC9CEB8-8B4A-11D0-8D11-00A0C91BC942}") = "Saper", "Saper\Saper.vcxproj", "{AB43870A-CFD3-4B83-82AD-02F2DC41E6D1}"
EndProject
Global
	GlobalSection(SolutionConfigurationPlatforms) = preSolution
		Debug|x64 = Debug|x64
		Debug|x86 = Debug|x86
		Release|x64 = Release|x64
		Release|x86 = Release|x86
	EndGlobalSection
	GlobalSection(ProjectConfigurationPlatforms) = postSolution
		{AB43870A-CFD3-4B83-82AD-02F2DC41E6D1}.Debug|x64.ActiveCfg = Debug|x64
		{AB43870A-CFD3-4B83-82AD-02F2DC41E6D1}.Debug|x64.Build.0 = Debug|x64
		{AB43870A-CFD3-4B83-82AD-02F2DC41E6D1}.Debug|x86.ActiveCfg = Debug|Win32
		{AB43870A-CFD3-4B83-82AD-02F2DC41E6D1}.Debug|x86.Build.0 = Debug|Win32
		{AB43870A-CFD3-4B83-82AD-02F2DC41E6D1}.Release|x64.ActiveCfg = Release|x64
		{AB43870A-CFD3-4B83-82AD-02F2DC41E6D1}.Release|x64.Build.0 = Release|x64
		{AB43870A-CFD3-4B83-82AD-02F2DC41E6D1}.Release|x86.ActiveCfg = Release|Win32
		{AB43870A-CFD3-4B83-82AD-02F2DC41E6D1}.Release|x86.Build.0 = Release|Win32
	EndGlobalSection
	GlobalSection(SolutionProperties) = preSolution
		HideSolutionNode = FALSE
	EndGlobalSection
	GlobalSection(ExtensibilityGlobals) = postSolution
		SolutionGuid = {C64BBD95-13DA-4E50-BD7B-C0E0DBB45119}
	EndGlobalSection
EndGlobal
